// !$*UTF8*$!
{
	archiveVersion = 1;
	classes = {
	};
	objectVersion = 55;
	objects = {

/* Begin PBXBuildFile section */
		C7F1911528386167009DA581 /* PizzaAppApp.swift in Sources */ = {isa = PBXBuildFile; fileRef = C7F1911428386167009DA581 /* PizzaAppApp.swift */; };
		C7F1911728386167009DA581 /* ContentView.swift in Sources */ = {isa = PBXBuildFile; fileRef = C7F1911628386167009DA581 /* ContentView.swift */; };
		C7F1911928386168009DA581 /* Assets.xcassets in Resources */ = {isa = PBXBuildFile; fileRef = C7F1911828386168009DA581 /* Assets.xcassets */; };
		C7F1911C28386168009DA581 /* Preview Assets.xcassets in Resources */ = {isa = PBXBuildFile; fileRef = C7F1911B28386168009DA581 /* Preview Assets.xcassets */; };
		C7F191272838F1F2009DA581 /* Pizzas.xcdatamodeld in Sources */ = {isa = PBXBuildFile; fileRef = C7F191252838F1F2009DA581 /* Pizzas.xcdatamodeld */; };
		C7F191292838F444009DA581 /* DataController.swift in Sources */ = {isa = PBXBuildFile; fileRef = C7F191282838F444009DA581 /* DataController.swift */; };
		C7F1912B2838F95F009DA581 /* PizzasListView.swift in Sources */ = {isa = PBXBuildFile; fileRef = C7F1912A2838F95F009DA581 /* PizzasListView.swift */; };
		C7F1912D2838F985009DA581 /* AddPizzaView.swift in Sources */ = {isa = PBXBuildFile; fileRef = C7F1912C2838F985009DA581 /* AddPizzaView.swift */; };
		C7F1912F2838F9B9009DA581 /* FavouritePizzasView.swift in Sources */ = {isa = PBXBuildFile; fileRef = C7F1912E2838F9B9009DA581 /* FavouritePizzasView.swift */; };
		C7F191312838F9E4009DA581 /* PizzaDetailView.swift in Sources */ = {isa = PBXBuildFile; fileRef = C7F191302838F9E4009DA581 /* PizzaDetailView.swift */; };
/* End PBXBuildFile section */

/* Begin PBXFileReference section */
		C7F1911128386167009DA581 /* PizzaApp.app */ = {isa = PBXFileReference; explicitFileType = wrapper.application; includeInIndex = 0; path = PizzaApp.app; sourceTree = BUILT_PRODUCTS_DIR; };
		C7F1911428386167009DA581 /* PizzaAppApp.swift */ = {isa = PBXFileReference; lastKnownFileType = sourcecode.swift; path = PizzaAppApp.swift; sourceTree = "<group>"; };
		C7F1911628386167009DA581 /* ContentView.swift */ = {isa = PBXFileReference; lastKnownFileType = sourcecode.swift; path = ContentView.swift; sourceTree = "<group>"; };
		C7F1911828386168009DA581 /* Assets.xcassets */ = {isa = PBXFileReference; lastKnownFileType = folder.assetcatalog; path = Assets.xcassets; sourceTree = "<group>"; };
		C7F1911B28386168009DA581 /* Preview Assets.xcassets */ = {isa = PBXFileReference; lastKnownFileType = folder.assetcatalog; path = "Preview Assets.xcassets"; sourceTree = "<group>"; };
		C7F191262838F1F2009DA581 /* Pizzas.xcdatamodel */ = {isa = PBXFileReference; lastKnownFileType = wrapper.xcdatamodel; path = Pizzas.xcdatamodel; sourceTree = "<group>"; };
		C7F191282838F444009DA581 /* DataController.swift */ = {isa = PBXFileReference; lastKnownFileType = sourcecode.swift; path = DataController.swift; sourceTree = "<group>"; };
		C7F1912A2838F95F009DA581 /* PizzasListView.swift */ = {isa = PBXFileReference; lastKnownFileType = sourcecode.swift; path = PizzasListView.swift; sourceTree = "<group>"; };
		C7F1912C2838F985009DA581 /* AddPizzaView.swift */ = {isa = PBXFileReference; lastKnownFileType = sourcecode.swift; path = AddPizzaView.swift; sourceTree = "<group>"; };
		C7F1912E2838F9B9009DA581 /* FavouritePizzasView.swift */ = {isa = PBXFileReference; lastKnownFileType = sourcecode.swift; path = FavouritePizzasView.swift; sourceTree = "<group>"; };
		C7F191302838F9E4009DA581 /* PizzaDetailView.swift */ = {isa = PBXFileReference; lastKnownFileType = sourcecode.swift; path = PizzaDetailView.swift; sourceTree = "<group>"; };
/* End PBXFileReference section */

/* Begin PBXFrameworksBuildPhase section */
		C7F1910E28386167009DA581 /* Frameworks */ = {
			isa = PBXFrameworksBuildPhase;
			buildActionMask = 2147483647;
			files = (
			);
			runOnlyForDeploymentPostprocessing = 0;
		};
/* End PBXFrameworksBuildPhase section */

/* Begin PBXGroup section */
		C7F1910828386167009DA581 = {
			isa = PBXGroup;
			children = (
				C7F1911328386167009DA581 /* PizzaApp */,
				C7F1911228386167009DA581 /* Products */,
			);
			sourceTree = "<group>";
		};
		C7F1911228386167009DA581 /* Products */ = {
			isa = PBXGroup;
			children = (
				C7F1911128386167009DA581 /* PizzaApp.app */,
			);
			name = Products;
			sourceTree = "<group>";
		};
		C7F1911328386167009DA581 /* PizzaApp */ = {
			isa = PBXGroup;
			children = (
				C7F191242838878A009DA581 /* Models */,
				C7F191232838877E009DA581 /* Controllers */,
				C7F1912228388770009DA581 /* Views */,
				C7F1911428386167009DA581 /* PizzaAppApp.swift */,
				C7F1911628386167009DA581 /* ContentView.swift */,
				C7F1911828386168009DA581 /* Assets.xcassets */,
				C7F1911A28386168009DA581 /* Preview Content */,
				C7F191252838F1F2009DA581 /* Pizzas.xcdatamodeld */,
			);
			path = PizzaApp;
			sourceTree = "<group>";
		};
		C7F1911A28386168009DA581 /* Preview Content */ = {
			isa = PBXGroup;
			children = (
				C7F1911B28386168009DA581 /* Preview Assets.xcassets */,
			);
			path = "Preview Content";
			sourceTree = "<group>";
		};
		C7F1912228388770009DA581 /* Views */ = {
			isa = PBXGroup;
			children = (
				C7F1912A2838F95F009DA581 /* PizzasListView.swift */,
				C7F1912C2838F985009DA581 /* AddPizzaView.swift */,
				C7F1912E2838F9B9009DA581 /* FavouritePizzasView.swift */,
				C7F191302838F9E4009DA581 /* PizzaDetailView.swift */,
			);
			path = Views;
			sourceTree = "<group>";
		};
		C7F191232838877E009DA581 /* Controllers */ = {
			isa = PBXGroup;
			children = (
				C7F191282838F444009DA581 /* DataController.swift */,
			);
			path = Controllers;
			sourceTree = "<group>";
		};
		C7F191242838878A009DA581 /* Models */ = {
			isa = PBXGroup;
			children = (
			);
			path = Models;
			sourceTree = "<group>";
		};
/* End PBXGroup section */

/* Begin PBXNativeTarget section */
		C7F1911028386167009DA581 /* PizzaApp */ = {
			isa = PBXNativeTarget;
			buildConfigurationList = C7F1911F28386168009DA581 /* Build configuration list for PBXNativeTarget "PizzaApp" */;
			buildPhases = (
				C7F1910D28386167009DA581 /* Sources */,
				C7F1910E28386167009DA581 /* Frameworks */,
				C7F1910F28386167009DA581 /* Resources */,
			);
			buildRules = (
			);
			dependencies = (
			);
			name = PizzaApp;
			productName = PizzaApp;
			productReference = C7F1911128386167009DA581 /* PizzaApp.app */;
			productType = "com.apple.product-type.application";
		};
/* End PBXNativeTarget section */

/* Begin PBXProject section */
		C7F1910928386167009DA581 /* Project object */ = {
			isa = PBXProject;
			attributes = {
				BuildIndependentTargetsInParallel = 1;
				LastSwiftUpdateCheck = 1330;
				LastUpgradeCheck = 1330;
				TargetAttributes = {
					C7F1911028386167009DA581 = {
						CreatedOnToolsVersion = 13.3.1;
					};
				};
			};
			buildConfigurationList = C7F1910C28386167009DA581 /* Build configuration list for PBXProject "PizzaApp" */;
			compatibilityVersion = "Xcode 13.0";
			developmentRegion = en;
			hasScannedForEncodings = 0;
			knownRegions = (
				en,
				Base,
			);
			mainGroup = C7F1910828386167009DA581;
			productRefGroup = C7F1911228386167009DA581 /* Products */;
			projectDirPath = "";
			projectRoot = "";
			targets = (
				C7F1911028386167009DA581 /* PizzaApp */,
			);
		};
/* End PBXProject section */

/* Begin PBXResourcesBuildPhase section */
		C7F1910F28386167009DA581 /* Resources */ = {
			isa = PBXResourcesBuildPhase;
			buildActionMask = 2147483647;
			files = (
				C7F1911C28386168009DA581 /* Preview Assets.xcassets in Resources */,
				C7F1911928386168009DA581 /* Assets.xcassets in Resources */,
			);
			runOnlyForDeploymentPostprocessing = 0;
		};
/* End PBXResourcesBuildPhase section */

/* Begin PBXSourcesBuildPhase section */
		C7F1910D28386167009DA581 /* Sources */ = {
			isa = PBXSourcesBuildPhase;
			buildActionMask = 2147483647;
			files = (
				C7F1911728386167009DA581 /* ContentView.swift in Sources */,
				C7F191292838F444009DA581 /* DataController.swift in Sources */,
				C7F1912F2838F9B9009DA581 /* FavouritePizzasView.swift in Sources */,
				C7F1912B2838F95F009DA581 /* PizzasListView.swift in Sources */,
				C7F191312838F9E4009DA581 /* PizzaDetailView.swift in Sources */,
				C7F1912D2838F985009DA581 /* AddPizzaView.swift in Sources */,
				C7F191272838F1F2009DA581 /* Pizzas.xcdatamodeld in Sources */,
				C7F1911528386167009DA581 /* PizzaAppApp.swift in Sources */,
			);
			runOnlyForDeploymentPostprocessing = 0;
		};
/* End PBXSourcesBuildPhase section */

/* Begin XCBuildConfiguration section */
		C7F1911D28386168009DA581 /* Debug */ = {
			isa = XCBuildConfiguration;
			buildSettings = {
				ALWAYS_SEARCH_USER_PATHS = NO;
				CLANG_ANALYZER_NONNULL = YES;
				CLANG_ANALYZER_NUMBER_OBJECT_CONVERSION = YES_AGGRESSIVE;
				CLANG_CXX_LANGUAGE_STANDARD = "gnu++17";
				CLANG_ENABLE_MODULES = YES;
				CLANG_ENABLE_OBJC_ARC = YES;
				CLANG_ENABLE_OBJC_WEAK = YES;
				CLANG_WARN_BLOCK_CAPTURE_AUTORELEASING = YES;
				CLANG_WARN_BOOL_CONVERSION = YES;
				CLANG_WARN_COMMA = YES;
				CLANG_WARN_CONSTANT_CONVERSION = YES;
				CLANG_WARN_DEPRECATED_OBJC_IMPLEMENTATIONS = YES;
				CLANG_WARN_DIRECT_OBJC_ISA_USAGE = YES_ERROR;
				CLANG_WARN_DOCUMENTATION_COMMENTS = YES;
				CLANG_WARN_EMPTY_BODY = YES;
				CLANG_WARN_ENUM_CONVERSION = YES;
				CLANG_WARN_INFINITE_RECURSION = YES;
				CLANG_WARN_INT_CONVERSION = YES;
				CLANG_WARN_NON_LITERAL_NULL_CONVERSION = YES;
				CLANG_WARN_OBJC_IMPLICIT_RETAIN_SELF = YES;
				CLANG_WARN_OBJC_LITERAL_CONVERSION = YES;
				CLANG_WARN_OBJC_ROOT_CLASS = YES_ERROR;
				CLANG_WARN_QUOTED_INCLUDE_IN_FRAMEWORK_HEADER = YES;
				CLANG_WARN_RANGE_LOOP_ANALYSIS = YES;
				CLANG_WARN_STRICT_PROTOTYPES = YES;
				CLANG_WARN_SUSPICIOUS_MOVE = YES;
				CLANG_WARN_UNGUARDED_AVAILABILITY = YES_AGGRESSIVE;
				CLANG_WARN_UNREACHABLE_CODE = YES;
				CLANG_WARN__DUPLICATE_METHOD_MATCH = YES;
				COPY_PHASE_STRIP = NO;
				DEBUG_INFORMATION_FORMAT = dwarf;
				ENABLE_STRICT_OBJC_MSGSEND = YES;
				ENABLE_TESTABILITY = YES;
				GCC_C_LANGUAGE_STANDARD = gnu11;
				GCC_DYNAMIC_NO_PIC = NO;
				GCC_NO_COMMON_BLOCKS = YES;
				GCC_OPTIMIZATION_LEVEL = 0;
				GCC_PREPROCESSOR_DEFINITIONS = (
					"DEBUG=1",
					"$(inherited)",
				);
				GCC_WARN_64_TO_32_BIT_CONVERSION = YES;
				GCC_WARN_ABOUT_RETURN_TYPE = YES_ERROR;
				GCC_WARN_UNDECLARED_SELECTOR = YES;
				GCC_WARN_UNINITIALIZED_AUTOS = YES_AGGRESSIVE;
				GCC_WARN_UNUSED_FUNCTION = YES;
				GCC_WARN_UNUSED_VARIABLE = YES;
				IPHONEOS_DEPLOYMENT_TARGET = 15.4;
				MTL_ENABLE_DEBUG_INFO = INCLUDE_SOURCE;
				MTL_FAST_MATH = YES;
				ONLY_ACTIVE_ARCH = YES;
				SDKROOT = iphoneos;
				SWIFT_ACTIVE_COMPILATION_CONDITIONS = DEBUG;
				SWIFT_OPTIMIZATION_LEVEL = "-Onone";
			};
			name = Debug;
		};
		C7F1911E28386168009DA581 /* Release */ = {
			isa = XCBuildConfiguration;
			buildSettings = {
				ALWAYS_SEARCH_USER_PATHS = NO;
				CLANG_ANALYZER_NONNULL = YES;
				CLANG_ANALYZER_NUMBER_OBJECT_CONVERSION = YES_AGGRESSIVE;
				CLANG_CXX_LANGUAGE_STANDARD = "gnu++17";
				CLANG_ENABLE_MODULES = YES;
				CLANG_ENABLE_OBJC_ARC = YES;
				CLANG_ENABLE_OBJC_WEAK = YES;
				CLANG_WARN_BLOCK_CAPTURE_AUTORELEASING = YES;
				CLANG_WARN_BOOL_CONVERSION = YES;
				CLANG_WARN_COMMA = YES;
				CLANG_WARN_CONSTANT_CONVERSION = YES;
				CLANG_WARN_DEPRECATED_OBJC_IMPLEMENTATIONS = YES;
				CLANG_WARN_DIRECT_OBJC_ISA_USAGE = YES_ERROR;
				CLANG_WARN_DOCUMENTATION_COMMENTS = YES;
				CLANG_WARN_EMPTY_BODY = YES;
				CLANG_WARN_ENUM_CONVERSION = YES;
				CLANG_WARN_INFINITE_RECURSION = YES;
				CLANG_WARN_INT_CONVERSION = YES;
				CLANG_WARN_NON_LITERAL_NULL_CONVERSION = YES;
				CLANG_WARN_OBJC_IMPLICIT_RETAIN_SELF = YES;
				CLANG_WARN_OBJC_LITERAL_CONVERSION = YES;
				CLANG_WARN_OBJC_ROOT_CLASS = YES_ERROR;
				CLANG_WARN_QUOTED_INCLUDE_IN_FRAMEWORK_HEADER = YES;
				CLANG_WARN_RANGE_LOOP_ANALYSIS = YES;
				CLANG_WARN_STRICT_PROTOTYPES = YES;
				CLANG_WARN_SUSPICIOUS_MOVE = YES;
				CLANG_WARN_UNGUARDED_AVAILABILITY = YES_AGGRESSIVE;
				CLANG_WARN_UNREACHABLE_CODE = YES;
				CLANG_WARN__DUPLICATE_METHOD_MATCH = YES;
				COPY_PHASE_STRIP = NO;
				DEBUG_INFORMATION_FORMAT = "dwarf-with-dsym";
				ENABLE_NS_ASSERTIONS = NO;
				ENABLE_STRICT_OBJC_MSGSEND = YES;
				GCC_C_LANGUAGE_STANDARD = gnu11;
				GCC_NO_COMMON_BLOCKS = YES;
				GCC_WARN_64_TO_32_BIT_CONVERSION = YES;
				GCC_WARN_ABOUT_RETURN_TYPE = YES_ERROR;
				GCC_WARN_UNDECLARED_SELECTOR = YES;
				GCC_WARN_UNINITIALIZED_AUTOS = YES_AGGRESSIVE;
				GCC_WARN_UNUSED_FUNCTION = YES;
				GCC_WARN_UNUSED_VARIABLE = YES;
				IPHONEOS_DEPLOYMENT_TARGET = 15.4;
				MTL_ENABLE_DEBUG_INFO = NO;
				MTL_FAST_MATH = YES;
				SDKROOT = iphoneos;
				SWIFT_COMPILATION_MODE = wholemodule;
				SWIFT_OPTIMIZATION_LEVEL = "-O";
				VALIDATE_PRODUCT = YES;
			};
			name = Release;
		};
		C7F1912028386168009DA581 /* Debug */ = {
			isa = XCBuildConfiguration;
			buildSettings = {
				ASSETCATALOG_COMPILER_APPICON_NAME = AppIcon;
				ASSETCATALOG_COMPILER_GLOBAL_ACCENT_COLOR_NAME = AccentColor;
				CODE_SIGN_STYLE = Automatic;
				CURRENT_PROJECT_VERSION = 1;
				DEVELOPMENT_ASSET_PATHS = "\"PizzaApp/Preview Content\"";
				ENABLE_PREVIEWS = YES;
				GENERATE_INFOPLIST_FILE = YES;
				INFOPLIST_KEY_UIApplicationSceneManifest_Generation = YES;
				INFOPLIST_KEY_UIApplicationSupportsIndirectInputEvents = YES;
				INFOPLIST_KEY_UILaunchScreen_Generation = YES;
				INFOPLIST_KEY_UISupportedInterfaceOrientations_iPad = "UIInterfaceOrientationPortrait UIInterfaceOrientationPortraitUpsideDown UIInterfaceOrientationLandscapeLeft UIInterfaceOrientationLandscapeRight";
				INFOPLIST_KEY_UISupportedInterfaceOrientations_iPhone = "UIInterfaceOrientationPortrait UIInterfaceOrientationLandscapeLeft UIInterfaceOrientationLandscapeRight";
				LD_RUNPATH_SEARCH_PATHS = (
					"$(inherited)",
					"@executable_path/Frameworks",
				);
				MARKETING_VERSION = 1.0;
				PRODUCT_BUNDLE_IDENTIFIER = uk.ac.westminster.PizzaApp;
				PRODUCT_NAME = "$(TARGET_NAME)";
				SWIFT_EMIT_LOC_STRINGS = YES;
				SWIFT_VERSION = 5.0;
				TARGETED_DEVICE_FAMILY = "1,2";
			};
			name = Debug;
		};
		C7F1912128386168009DA581 /* Release */ = {
			isa = XCBuildConfiguration;
			buildSettings = {
				ASSETCATALOG_COMPILER_APPICON_NAME = AppIcon;
				ASSETCATALOG_COMPILER_GLOBAL_ACCENT_COLOR_NAME = AccentColor;
				CODE_SIGN_STYLE = Automatic;
				CURRENT_PROJECT_VERSION = 1;
				DEVELOPMENT_ASSET_PATHS = "\"PizzaApp/Preview Content\"";
				ENABLE_PREVIEWS = YES;
				GENERATE_INFOPLIST_FILE = YES;
				INFOPLIST_KEY_UIApplicationSceneManifest_Generation = YES;
				INFOPLIST_KEY_UIApplicationSupportsIndirectInputEvents = YES;
				INFOPLIST_KEY_UILaunchScreen_Generation = YES;
				INFOPLIST_KEY_UISupportedInterfaceOrientations_iPad = "UIInterfaceOrientationPortrait UIInterfaceOrientationPortraitUpsideDown UIInterfaceOrientationLandscapeLeft UIInterfaceOrientationLandscapeRight";
				INFOPLIST_KEY_UISupportedInterfaceOrientations_iPhone = "UIInterfaceOrientationPortrait UIInterfaceOrientationLandscapeLeft UIInterfaceOrientationLandscapeRight";
				LD_RUNPATH_SEARCH_PATHS = (
					"$(inherited)",
					"@executable_path/Frameworks",
				);
				MARKETING_VERSION = 1.0;
				PRODUCT_BUNDLE_IDENTIFIER = uk.ac.westminster.PizzaApp;
				PRODUCT_NAME = "$(TARGET_NAME)";
				SWIFT_EMIT_LOC_STRINGS = YES;
				SWIFT_VERSION = 5.0;
				TARGETED_DEVICE_FAMILY = "1,2";
			};
			name = Release;
		};
/* End XCBuildConfiguration section */

/* Begin XCConfigurationList section */
		C7F1910C28386167009DA581 /* Build configuration list for PBXProject "PizzaApp" */ = {
			isa = XCConfigurationList;
			buildConfigurations = (
				C7F1911D28386168009DA581 /* Debug */,
				C7F1911E28386168009DA581 /* Release */,
			);
			defaultConfigurationIsVisible = 0;
			defaultConfigurationName = Release;
		};
		C7F1911F28386168009DA581 /* Build configuration list for PBXNativeTarget "PizzaApp" */ = {
			isa = XCConfigurationList;
			buildConfigurations = (
				C7F1912028386168009DA581 /* Debug */,
				C7F1912128386168009DA581 /* Release */,
			);
			defaultConfigurationIsVisible = 0;
			defaultConfigurationName = Release;
		};
/* End XCConfigurationList section */

/* Begin XCVersionGroup section */
		C7F191252838F1F2009DA581 /* Pizzas.xcdatamodeld */ = {
			isa = XCVersionGroup;
			children = (
				C7F191262838F1F2009DA581 /* Pizzas.xcdatamodel */,
			);
			currentVersion = C7F191262838F1F2009DA581 /* Pizzas.xcdatamodel */;
			path = Pizzas.xcdatamodeld;
			sourceTree = "<group>";
			versionGroupType = wrapper.xcdatamodel;
		};
/* End XCVersionGroup section */
	};
	rootObject = C7F1910928386167009DA581 /* Project object */;
}
