// !$*UTF8*$!
{
	archiveVersion = 1;
	classes = {
	};
	objectVersion = 55;
	objects = {

/* Begin PBXBuildFile section */
		8B45BE4827E0B56D00536C8D /* AppDelegate.swift in Sources */ = {isa = PBXBuildFile; fileRef = 8B45BE4727E0B56D00536C8D /* AppDelegate.swift */; };
		8B45BE4A27E0B56D00536C8D /* SceneDelegate.swift in Sources */ = {isa = PBXBuildFile; fileRef = 8B45BE4927E0B56D00536C8D /* SceneDelegate.swift */; };
		8B45BE4C27E0B56D00536C8D /* ViewController.swift in Sources */ = {isa = PBXBuildFile; fileRef = 8B45BE4B27E0B56D00536C8D /* ViewController.swift */; };
		8B45BE4F27E0B56D00536C8D /* Main.storyboard in Resources */ = {isa = PBXBuildFile; fileRef = 8B45BE4D27E0B56D00536C8D /* Main.storyboard */; };
		8B45BE5127E0B56D00536C8D /* Assets.xcassets in Resources */ = {isa = PBXBuildFile; fileRef = 8B45BE5027E0B56D00536C8D /* Assets.xcassets */; };
		8B45BE5427E0B56D00536C8D /* LaunchScreen.storyboard in Resources */ = {isa = PBXBuildFile; fileRef = 8B45BE5227E0B56D00536C8D /* LaunchScreen.storyboard */; };
		8B7F6BE027E59FB300E8D4A9 /* CompoundSavingsViewController.swift in Sources */ = {isa = PBXBuildFile; fileRef = 8B7F6BDF27E59FB300E8D4A9 /* CompoundSavingsViewController.swift */; };
		8B84D427280139970011007C /* LoansMortgageViewController.swift in Sources */ = {isa = PBXBuildFile; fileRef = 8B84D426280139970011007C /* LoansMortgageViewController.swift */; };
		8B84D429280139F30011007C /* HelpViewController.swift in Sources */ = {isa = PBXBuildFile; fileRef = 8B84D428280139F30011007C /* HelpViewController.swift */; };
		8B84D42B28015F950011007C /* SimpleSavingsViewController.swift in Sources */ = {isa = PBXBuildFile; fileRef = 8B84D42A28015F950011007C /* SimpleSavingsViewController.swift */; };
		8BBD3F3C27E311E6008033A7 /* FinancialCalculations.swift in Sources */ = {isa = PBXBuildFile; fileRef = 8BBD3F3B27E311E6008033A7 /* FinancialCalculations.swift */; };
/* End PBXBuildFile section */

/* Begin PBXFileReference section */
		8B45BE4427E0B56D00536C8D /* CW01.app */ = {isa = PBXFileReference; explicitFileType = wrapper.application; includeInIndex = 0; path = CW01.app; sourceTree = BUILT_PRODUCTS_DIR; };
		8B45BE4727E0B56D00536C8D /* AppDelegate.swift */ = {isa = PBXFileReference; lastKnownFileType = sourcecode.swift; path = AppDelegate.swift; sourceTree = "<group>"; };
		8B45BE4927E0B56D00536C8D /* SceneDelegate.swift */ = {isa = PBXFileReference; lastKnownFileType = sourcecode.swift; path = SceneDelegate.swift; sourceTree = "<group>"; };
		8B45BE4B27E0B56D00536C8D /* ViewController.swift */ = {isa = PBXFileReference; lastKnownFileType = sourcecode.swift; path = ViewController.swift; sourceTree = "<group>"; };
		8B45BE4E27E0B56D00536C8D /* Base */ = {isa = PBXFileReference; lastKnownFileType = file.storyboard; name = Base; path = Base.lproj/Main.storyboard; sourceTree = "<group>"; };
		8B45BE5027E0B56D00536C8D /* Assets.xcassets */ = {isa = PBXFileReference; lastKnownFileType = folder.assetcatalog; path = Assets.xcassets; sourceTree = "<group>"; };
		8B45BE5327E0B56D00536C8D /* Base */ = {isa = PBXFileReference; lastKnownFileType = file.storyboard; name = Base; path = Base.lproj/LaunchScreen.storyboard; sourceTree = "<group>"; };
		8B45BE5527E0B56D00536C8D /* Info.plist */ = {isa = PBXFileReference; lastKnownFileType = text.plist.xml; path = Info.plist; sourceTree = "<group>"; };
		8B7F6BDF27E59FB300E8D4A9 /* CompoundSavingsViewController.swift */ = {isa = PBXFileReference; lastKnownFileType = sourcecode.swift; path = CompoundSavingsViewController.swift; sourceTree = "<group>"; };
		8B84D426280139970011007C /* LoansMortgageViewController.swift */ = {isa = PBXFileReference; lastKnownFileType = sourcecode.swift; path = LoansMortgageViewController.swift; sourceTree = "<group>"; };
		8B84D428280139F30011007C /* HelpViewController.swift */ = {isa = PBXFileReference; lastKnownFileType = sourcecode.swift; path = HelpViewController.swift; sourceTree = "<group>"; };
		8B84D42A28015F950011007C /* SimpleSavingsViewController.swift */ = {isa = PBXFileReference; lastKnownFileType = sourcecode.swift; path = SimpleSavingsViewController.swift; sourceTree = "<group>"; };
		8BBD3F3B27E311E6008033A7 /* FinancialCalculations.swift */ = {isa = PBXFileReference; lastKnownFileType = sourcecode.swift; path = FinancialCalculations.swift; sourceTree = "<group>"; };
/* End PBXFileReference section */

/* Begin PBXFrameworksBuildPhase section */
		8B45BE4127E0B56D00536C8D /* Frameworks */ = {
			isa = PBXFrameworksBuildPhase;
			buildActionMask = 2147483647;
			files = (
			);
			runOnlyForDeploymentPostprocessing = 0;
		};
/* End PBXFrameworksBuildPhase section */

/* Begin PBXGroup section */
		8B45BE3B27E0B56D00536C8D = {
			isa = PBXGroup;
			children = (
				8B45BE4627E0B56D00536C8D /* CW01 */,
				8B45BE4527E0B56D00536C8D /* Products */,
			);
			sourceTree = "<group>";
		};
		8B45BE4527E0B56D00536C8D /* Products */ = {
			isa = PBXGroup;
			children = (
				8B45BE4427E0B56D00536C8D /* CW01.app */,
			);
			name = Products;
			sourceTree = "<group>";
		};
		8B45BE4627E0B56D00536C8D /* CW01 */ = {
			isa = PBXGroup;
			children = (
				8B45BE4727E0B56D00536C8D /* AppDelegate.swift */,
				8B45BE4927E0B56D00536C8D /* SceneDelegate.swift */,
				8B45BE4B27E0B56D00536C8D /* ViewController.swift */,
				8B45BE4D27E0B56D00536C8D /* Main.storyboard */,
				8B45BE5027E0B56D00536C8D /* Assets.xcassets */,
				8B45BE5227E0B56D00536C8D /* LaunchScreen.storyboard */,
				8B45BE5527E0B56D00536C8D /* Info.plist */,
				8BBD3F3B27E311E6008033A7 /* FinancialCalculations.swift */,
				8B7F6BDF27E59FB300E8D4A9 /* CompoundSavingsViewController.swift */,
				8B84D426280139970011007C /* LoansMortgageViewController.swift */,
				8B84D428280139F30011007C /* HelpViewController.swift */,
				8B84D42A28015F950011007C /* SimpleSavingsViewController.swift */,
			);
			path = CW01;
			sourceTree = "<group>";
		};
/* End PBXGroup section */

/* Begin PBXNativeTarget section */
		8B45BE4327E0B56D00536C8D /* CW01 */ = {
			isa = PBXNativeTarget;
			buildConfigurationList = 8B45BE5827E0B56D00536C8D /* Build configuration list for PBXNativeTarget "CW01" */;
			buildPhases = (
				8B45BE4027E0B56D00536C8D /* Sources */,
				8B45BE4127E0B56D00536C8D /* Frameworks */,
				8B45BE4227E0B56D00536C8D /* Resources */,
			);
			buildRules = (
			);
			dependencies = (
			);
			name = CW01;
			productName = CW01;
			productReference = 8B45BE4427E0B56D00536C8D /* CW01.app */;
			productType = "com.apple.product-type.application";
		};
/* End PBXNativeTarget section */

/* Begin PBXProject section */
		8B45BE3C27E0B56D00536C8D /* Project object */ = {
			isa = PBXProject;
			attributes = {
				BuildIndependentTargetsInParallel = 1;
				LastSwiftUpdateCheck = 1320;
				LastUpgradeCheck = 1320;
				TargetAttributes = {
					8B45BE4327E0B56D00536C8D = {
						CreatedOnToolsVersion = 13.2.1;
					};
				};
			};
			buildConfigurationList = 8B45BE3F27E0B56D00536C8D /* Build configuration list for PBXProject "CW01" */;
			compatibilityVersion = "Xcode 13.0";
			developmentRegion = en;
			hasScannedForEncodings = 0;
			knownRegions = (
				en,
				Base,
			);
			mainGroup = 8B45BE3B27E0B56D00536C8D;
			productRefGroup = 8B45BE4527E0B56D00536C8D /* Products */;
			projectDirPath = "";
			projectRoot = "";
			targets = (
				8B45BE4327E0B56D00536C8D /* CW01 */,
			);
		};
/* End PBXProject section */

/* Begin PBXResourcesBuildPhase section */
		8B45BE4227E0B56D00536C8D /* Resources */ = {
			isa = PBXResourcesBuildPhase;
			buildActionMask = 2147483647;
			files = (
				8B45BE5427E0B56D00536C8D /* LaunchScreen.storyboard in Resources */,
				8B45BE5127E0B56D00536C8D /* Assets.xcassets in Resources */,
				8B45BE4F27E0B56D00536C8D /* Main.storyboard in Resources */,
			);
			runOnlyForDeploymentPostprocessing = 0;
		};
/* End PBXResourcesBuildPhase section */

/* Begin PBXSourcesBuildPhase section */
		8B45BE4027E0B56D00536C8D /* Sources */ = {
			isa = PBXSourcesBuildPhase;
			buildActionMask = 2147483647;
			files = (
				8B84D42B28015F950011007C /* SimpleSavingsViewController.swift in Sources */,
				8B45BE4C27E0B56D00536C8D /* ViewController.swift in Sources */,
				8B7F6BE027E59FB300E8D4A9 /* CompoundSavingsViewController.swift in Sources */,
				8B84D429280139F30011007C /* HelpViewController.swift in Sources */,
				8BBD3F3C27E311E6008033A7 /* FinancialCalculations.swift in Sources */,
				8B84D427280139970011007C /* LoansMortgageViewController.swift in Sources */,
				8B45BE4827E0B56D00536C8D /* AppDelegate.swift in Sources */,
				8B45BE4A27E0B56D00536C8D /* SceneDelegate.swift in Sources */,
			);
			runOnlyForDeploymentPostprocessing = 0;
		};
/* End PBXSourcesBuildPhase section */

/* Begin PBXVariantGroup section */
		8B45BE4D27E0B56D00536C8D /* Main.storyboard */ = {
			isa = PBXVariantGroup;
			children = (
				8B45BE4E27E0B56D00536C8D /* Base */,
			);
			name = Main.storyboard;
			sourceTree = "<group>";
		};
		8B45BE5227E0B56D00536C8D /* LaunchScreen.storyboard */ = {
			isa = PBXVariantGroup;
			children = (
				8B45BE5327E0B56D00536C8D /* Base */,
			);
			name = LaunchScreen.storyboard;
			sourceTree = "<group>";
		};
/* End PBXVariantGroup section */

/* Begin XCBuildConfiguration section */
		8B45BE5627E0B56D00536C8D /* Debug */ = {
			isa = XCBuildConfiguration;
			buildSettings = {
				ALWAYS_SEARCH_USER_PATHS = NO;
				CLANG_ANALYZER_NONNULL = YES;
				CLANG_ANALYZER_NUMBER_OBJECT_CONVERSION = YES_AGGRESSIVE;
				CLANG_CXX_LANGUAGE_STANDARD = "gnu++17";
				CLANG_CXX_LIBRARY = "libc++";
				CLANG_ENABLE_MODULES = YES;
				CLANG_ENABLE_OBJC_ARC = YES;
				CLANG_ENABLE_OBJC_WEAK = YES;
				CLANG_WARN_BLOCK_CAPTURE_AUTORELEASING = YES;
				CLANG_WARN_BOOL_CONVERSION = YES;
				CLANG_WARN_COMMA = YES;
				CLANG_WARN_CONSTANT_CONVERSION = YES;
				CLANG_WARN_DEPRECATED_OBJC_IMPLEMENTATIONS = YES;
				CLANG_WARN_DIRECT_OBJC_ISA_USAGE = YES_ERROR;
				CLANG_WARN_DOCUMENTATION_COMMENTS = YES;
				CLANG_WARN_EMPTY_BODY = YES;
				CLANG_WARN_ENUM_CONVERSION = YES;
				CLANG_WARN_INFINITE_RECURSION = YES;
				CLANG_WARN_INT_CONVERSION = YES;
				CLANG_WARN_NON_LITERAL_NULL_CONVERSION = YES;
				CLANG_WARN_OBJC_IMPLICIT_RETAIN_SELF = YES;
				CLANG_WARN_OBJC_LITERAL_CONVERSION = YES;
				CLANG_WARN_OBJC_ROOT_CLASS = YES_ERROR;
				CLANG_WARN_QUOTED_INCLUDE_IN_FRAMEWORK_HEADER = YES;
				CLANG_WARN_RANGE_LOOP_ANALYSIS = YES;
				CLANG_WARN_STRICT_PROTOTYPES = YES;
				CLANG_WARN_SUSPICIOUS_MOVE = YES;
				CLANG_WARN_UNGUARDED_AVAILABILITY = YES_AGGRESSIVE;
				CLANG_WARN_UNREACHABLE_CODE = YES;
				CLANG_WARN__DUPLICATE_METHOD_MATCH = YES;
				COPY_PHASE_STRIP = NO;
				DEBUG_INFORMATION_FORMAT = dwarf;
				ENABLE_STRICT_OBJC_MSGSEND = YES;
				ENABLE_TESTABILITY = YES;
				GCC_C_LANGUAGE_STANDARD = gnu11;
				GCC_DYNAMIC_NO_PIC = NO;
				GCC_NO_COMMON_BLOCKS = YES;
				GCC_OPTIMIZATION_LEVEL = 0;
				GCC_PREPROCESSOR_DEFINITIONS = (
					"DEBUG=1",
					"$(inherited)",
				);
				GCC_WARN_64_TO_32_BIT_CONVERSION = YES;
				GCC_WARN_ABOUT_RETURN_TYPE = YES_ERROR;
				GCC_WARN_UNDECLARED_SELECTOR = YES;
				GCC_WARN_UNINITIALIZED_AUTOS = YES_AGGRESSIVE;
				GCC_WARN_UNUSED_FUNCTION = YES;
				GCC_WARN_UNUSED_VARIABLE = YES;
				IPHONEOS_DEPLOYMENT_TARGET = 15.2;
				MTL_ENABLE_DEBUG_INFO = INCLUDE_SOURCE;
				MTL_FAST_MATH = YES;
				ONLY_ACTIVE_ARCH = YES;
				SDKROOT = iphoneos;
				SWIFT_ACTIVE_COMPILATION_CONDITIONS = DEBUG;
				SWIFT_OPTIMIZATION_LEVEL = "-Onone";
			};
			name = Debug;
		};
		8B45BE5727E0B56D00536C8D /* Release */ = {
			isa = XCBuildConfiguration;
			buildSettings = {
				ALWAYS_SEARCH_USER_PATHS = NO;
				CLANG_ANALYZER_NONNULL = YES;
				CLANG_ANALYZER_NUMBER_OBJECT_CONVERSION = YES_AGGRESSIVE;
				CLANG_CXX_LANGUAGE_STANDARD = "gnu++17";
				CLANG_CXX_LIBRARY = "libc++";
				CLANG_ENABLE_MODULES = YES;
				CLANG_ENABLE_OBJC_ARC = YES;
				CLANG_ENABLE_OBJC_WEAK = YES;
				CLANG_WARN_BLOCK_CAPTURE_AUTORELEASING = YES;
				CLANG_WARN_BOOL_CONVERSION = YES;
				CLANG_WARN_COMMA = YES;
				CLANG_WARN_CONSTANT_CONVERSION = YES;
				CLANG_WARN_DEPRECATED_OBJC_IMPLEMENTATIONS = YES;
				CLANG_WARN_DIRECT_OBJC_ISA_USAGE = YES_ERROR;
				CLANG_WARN_DOCUMENTATION_COMMENTS = YES;
				CLANG_WARN_EMPTY_BODY = YES;
				CLANG_WARN_ENUM_CONVERSION = YES;
				CLANG_WARN_INFINITE_RECURSION = YES;
				CLANG_WARN_INT_CONVERSION = YES;
				CLANG_WARN_NON_LITERAL_NULL_CONVERSION = YES;
				CLANG_WARN_OBJC_IMPLICIT_RETAIN_SELF = YES;
				CLANG_WARN_OBJC_LITERAL_CONVERSION = YES;
				CLANG_WARN_OBJC_ROOT_CLASS = YES_ERROR;
				CLANG_WARN_QUOTED_INCLUDE_IN_FRAMEWORK_HEADER = YES;
				CLANG_WARN_RANGE_LOOP_ANALYSIS = YES;
				CLANG_WARN_STRICT_PROTOTYPES = YES;
				CLANG_WARN_SUSPICIOUS_MOVE = YES;
				CLANG_WARN_UNGUARDED_AVAILABILITY = YES_AGGRESSIVE;
				CLANG_WARN_UNREACHABLE_CODE = YES;
				CLANG_WARN__DUPLICATE_METHOD_MATCH = YES;
				COPY_PHASE_STRIP = NO;
				DEBUG_INFORMATION_FORMAT = "dwarf-with-dsym";
				ENABLE_NS_ASSERTIONS = NO;
				ENABLE_STRICT_OBJC_MSGSEND = YES;
				GCC_C_LANGUAGE_STANDARD = gnu11;
				GCC_NO_COMMON_BLOCKS = YES;
				GCC_WARN_64_TO_32_BIT_CONVERSION = YES;
				GCC_WARN_ABOUT_RETURN_TYPE = YES_ERROR;
				GCC_WARN_UNDECLARED_SELECTOR = YES;
				GCC_WARN_UNINITIALIZED_AUTOS = YES_AGGRESSIVE;
				GCC_WARN_UNUSED_FUNCTION = YES;
				GCC_WARN_UNUSED_VARIABLE = YES;
				IPHONEOS_DEPLOYMENT_TARGET = 15.2;
				MTL_ENABLE_DEBUG_INFO = NO;
				MTL_FAST_MATH = YES;
				SDKROOT = iphoneos;
				SWIFT_COMPILATION_MODE = wholemodule;
				SWIFT_OPTIMIZATION_LEVEL = "-O";
				VALIDATE_PRODUCT = YES;
			};
			name = Release;
		};
		8B45BE5927E0B56D00536C8D /* Debug */ = {
			isa = XCBuildConfiguration;
			buildSettings = {
				ASSETCATALOG_COMPILER_APPICON_NAME = AppIcon;
				ASSETCATALOG_COMPILER_GLOBAL_ACCENT_COLOR_NAME = AccentColor;
				CODE_SIGN_STYLE = Automatic;
				CURRENT_PROJECT_VERSION = 1;
				GENERATE_INFOPLIST_FILE = YES;
				INFOPLIST_FILE = CW01/Info.plist;
				INFOPLIST_KEY_UIApplicationSupportsIndirectInputEvents = YES;
				INFOPLIST_KEY_UILaunchStoryboardName = LaunchScreen;
				INFOPLIST_KEY_UIMainStoryboardFile = Main;
				INFOPLIST_KEY_UISupportedInterfaceOrientations = UIInterfaceOrientationPortrait;
				INFOPLIST_KEY_UISupportedInterfaceOrientations_iPad = "UIInterfaceOrientationPortrait UIInterfaceOrientationPortraitUpsideDown UIInterfaceOrientationLandscapeLeft UIInterfaceOrientationLandscapeRight";
				INFOPLIST_KEY_UISupportedInterfaceOrientations_iPhone = "UIInterfaceOrientationPortrait UIInterfaceOrientationLandscapeLeft UIInterfaceOrientationLandscapeRight";
				LD_RUNPATH_SEARCH_PATHS = (
					"$(inherited)",
					"@executable_path/Frameworks",
				);
				MARKETING_VERSION = 1.0;
				PRODUCT_BUNDLE_IDENTIFIER = uk.ac.westminster.CW01;
				PRODUCT_NAME = "$(TARGET_NAME)";
				SWIFT_EMIT_LOC_STRINGS = YES;
				SWIFT_VERSION = 5.0;
				TARGETED_DEVICE_FAMILY = 1;
			};
			name = Debug;
		};
		8B45BE5A27E0B56D00536C8D /* Release */ = {
			isa = XCBuildConfiguration;
			buildSettings = {
				ASSETCATALOG_COMPILER_APPICON_NAME = AppIcon;
				ASSETCATALOG_COMPILER_GLOBAL_ACCENT_COLOR_NAME = AccentColor;
				CODE_SIGN_STYLE = Automatic;
				CURRENT_PROJECT_VERSION = 1;
				GENERATE_INFOPLIST_FILE = YES;
				INFOPLIST_FILE = CW01/Info.plist;
				INFOPLIST_KEY_UIApplicationSupportsIndirectInputEvents = YES;
				INFOPLIST_KEY_UILaunchStoryboardName = LaunchScreen;
				INFOPLIST_KEY_UIMainStoryboardFile = Main;
				INFOPLIST_KEY_UISupportedInterfaceOrientations = UIInterfaceOrientationPortrait;
				INFOPLIST_KEY_UISupportedInterfaceOrientations_iPad = "UIInterfaceOrientationPortrait UIInterfaceOrientationPortraitUpsideDown UIInterfaceOrientationLandscapeLeft UIInterfaceOrientationLandscapeRight";
				INFOPLIST_KEY_UISupportedInterfaceOrientations_iPhone = "UIInterfaceOrientationPortrait UIInterfaceOrientationLandscapeLeft UIInterfaceOrientationLandscapeRight";
				LD_RUNPATH_SEARCH_PATHS = (
					"$(inherited)",
					"@executable_path/Frameworks",
				);
				MARKETING_VERSION = 1.0;
				PRODUCT_BUNDLE_IDENTIFIER = uk.ac.westminster.CW01;
				PRODUCT_NAME = "$(TARGET_NAME)";
				SWIFT_EMIT_LOC_STRINGS = YES;
				SWIFT_VERSION = 5.0;
				TARGETED_DEVICE_FAMILY = 1;
			};
			name = Release;
		};
/* End XCBuildConfiguration section */

/* Begin XCConfigurationList section */
		8B45BE3F27E0B56D00536C8D /* Build configuration list for PBXProject "CW01" */ = {
			isa = XCConfigurationList;
			buildConfigurations = (
				8B45BE5627E0B56D00536C8D /* Debug */,
				8B45BE5727E0B56D00536C8D /* Release */,
			);
			defaultConfigurationIsVisible = 0;
			defaultConfigurationName = Release;
		};
		8B45BE5827E0B56D00536C8D /* Build configuration list for PBXNativeTarget "CW01" */ = {
			isa = XCConfigurationList;
			buildConfigurations = (
				8B45BE5927E0B56D00536C8D /* Debug */,
				8B45BE5A27E0B56D00536C8D /* Release */,
			);
			defaultConfigurationIsVisible = 0;
			defaultConfigurationName = Release;
		};
/* End XCConfigurationList section */
	};
	rootObject = 8B45BE3C27E0B56D00536C8D /* Project object */;
}
